// !$*UTF8*$!
{
	archiveVersion = 1;
	classes = {
	};
	objectVersion = 56;
	objects = {

/* Begin PBXBuildFile section */
		13F8B89F2A1B2D4D00D9C485 /* AppDelegate.swift in Sources */ = {isa = PBXBuildFile; fileRef = 13F8B89E2A1B2D4D00D9C485 /* AppDelegate.swift */; };
		13F8B8A12A1B2D4D00D9C485 /* SceneDelegate.swift in Sources */ = {isa = PBXBuildFile; fileRef = 13F8B8A02A1B2D4D00D9C485 /* SceneDelegate.swift */; };
		13F8B8A32A1B2D4D00D9C485 /* ContentView.swift in Sources */ = {isa = PBXBuildFile; fileRef = 13F8B8A22A1B2D4D00D9C485 /* ContentView.swift */; };
		13F8B8A82A1B2D4E00D9C485 /* Assets.xcassets in Resources */ = {isa = PBXBuildFile; fileRef = 13F8B8A72A1B2D4E00D9C485 /* Assets.xcassets */; };
		13F8B8AB2A1B2D4E00D9C485 /* LaunchScreen.storyboard in Resources */ = {isa = PBXBuildFile; fileRef = 13F8B8A92A1B2D4E00D9C485 /* LaunchScreen.storyboard */; };
		C0D4D0002A1C2D4D00D9C485 /* ContractorService.swift in Sources */ = {isa = PBXBuildFile; fileRef = C0D4D1002A1C2D4D00D9C485 /* ContractorService.swift */; };
		C0D4D0012A1C2D4D00D9C485 /* DocumentsView.swift in Sources */ = {isa = PBXBuildFile; fileRef = C0D4D1012A1C2D4D00D9C485 /* DocumentsView.swift */; };
		C0D4D0022A1C2D4D00D9C485 /* FinancialReportView.swift in Sources */ = {isa = PBXBuildFile; fileRef = C0D4D1022A1C2D4D00D9C485 /* FinancialReportView.swift */; };
		C0D4D0032A1C2D4D00D9C485 /* HistoryService.swift in Sources */ = {isa = PBXBuildFile; fileRef = C0D4D1032A1C2D4D00D9C485 /* HistoryService.swift */; };
		C0D4D0042A1C2D4D00D9C485 /* HistoryView.swift in Sources */ = {isa = PBXBuildFile; fileRef = C0D4D1042A1C2D4D00D9C485 /* HistoryView.swift */; };
		C0D4D0052A1C2D4D00D9C485 /* IssuesView.swift in Sources */ = {isa = PBXBuildFile; fileRef = C0D4D1052A1C2D4D00D9C485 /* IssuesView.swift */; };
		C0D4D0062A1C2D4D00D9C485 /* LocalizationManager.swift in Sources */ = {isa = PBXBuildFile; fileRef = C0D4D1062A1C2D4D00D9C485 /* LocalizationManager.swift */; };
		C0D4D0072A1C2D4D00D9C485 /* LocalizationManagerTests.swift in Sources */ = {isa = PBXBuildFile; fileRef = C0D4D1072A1C2D4D00D9C485 /* LocalizationManagerTests.swift */; };
		C0D4D0082A1C2D4D00D9C485 /* LoginView.swift in Sources */ = {isa = PBXBuildFile; fileRef = C0D4D1082A1C2D4D00D9C485 /* LoginView.swift */; };
		C0D4D0092A1C2D4D00D9C485 /* MainView.swift in Sources */ = {isa = PBXBuildFile; fileRef = C0D4D1092A1C2D4D00D9C485 /* MainView.swift */; };
		C0D4D00A2A1C2D4D00D9C485 /* MapView.swift in Sources */ = {isa = PBXBuildFile; fileRef = C0D4D10A2A1C2D4D00D9C485 /* MapView.swift */; };
		C0D4D00B2A1C2D4D00D9C485 /* MessagesView.swift in Sources */ = {isa = PBXBuildFile; fileRef = C0D4D10B2A1C2D4D00D9C485 /* MessagesView.swift */; };
		C0D4D00C2A1C2D4D00D9C485 /* MockServices.swift in Sources */ = {isa = PBXBuildFile; fileRef = C0D4D10C2A1C2D4D00D9C485 /* MockServices.swift */; };
		C0D4D00D2A1C2D4D00D9C485 /* Models.swift in Sources */ = {isa = PBXBuildFile; fileRef = C0D4D10D2A1C2D4D00D9C485 /* Models.swift */; };
		C0D4D00E2A1C2D4D00D9C485 /* NotificationManager.swift in Sources */ = {isa = PBXBuildFile; fileRef = C0D4D10E2A1C2D4D00D9C485 /* NotificationManager.swift */; };
		C0D4D00F2A1C2D4D00D9C485 /* PaymentGatewayService.swift in Sources */ = {isa = PBXBuildFile; fileRef = C0D4D10F2A1C2D4D00D9C485 /* PaymentGatewayService.swift */; };
		C0D4D0102A1C2D4D00D9C485 /* PaymentService.swift in Sources */ = {isa = PBXBuildFile; fileRef = C0D4D1102A1C2D4D00D9C485 /* PaymentService.swift */; };
		C0D4D0112A1C2D4D00D9C485 /* PaymentsView.swift in Sources */ = {isa = PBXBuildFile; fileRef = C0D4D1112A1C2D4D00D9C485 /* PaymentsView.swift */; };
		C0D4D0122A1C2D4D00D9C485 /* PersistenceManager.swift in Sources */ = {isa = PBXBuildFile; fileRef = C0D4D1122A1C2D4D00D9C485 /* PersistenceManager.swift */; };
		C0D4D0132A1C2D4D00D9C485 /* UserAuthentication.swift in Sources */ = {isa = PBXBuildFile; fileRef = C0D4D1132A1C2D4D00D9C485 /* UserAuthentication.swift */; };
		C0D4D0142A1C2D4D00D9C485 /* VideoUploadView.swift in Sources */ = {isa = PBXBuildFile; fileRef = C0D4D1142A1C2D4D00D9C485 /* VideoUploadView.swift */; };
		C0D4D0152A1C2D4D00D9C485 /* Contractor.swift in Sources */ = {isa = PBXBuildFile; fileRef = C0D4D1152A1C2D4D00D9C485 /* Contractor.swift */; };
		C0D4D0162A1C2D4D00D9C485 /* Document.swift in Sources */ = {isa = PBXBuildFile; fileRef = C0D4D1162A1C2D4D00D9C485 /* Document.swift */; };
		C0D4D0172A1C2D4D00D9C485 /* HistoryItem.swift in Sources */ = {isa = PBXBuildFile; fileRef = C0D4D1172A1C2D4D00D9C485 /* HistoryItem.swift */; };
		C0D4D0182A1C2D4D00D9C485 /* Issue.swift in Sources */ = {isa = PBXBuildFile; fileRef = C0D4D1182A1C2D4D00D9C485 /* Issue.swift */; };
		C0D4D0192A1C2D4D00D9C485 /* Message.swift in Sources */ = {isa = PBXBuildFile; fileRef = C0D4D1192A1C2D4D00D9C485 /* Message.swift */; };
		C0D4D01A2A1C2D4D00D9C485 /* Payment.swift in Sources */ = {isa = PBXBuildFile; fileRef = C0D4D11A2A1C2D4D00D9C485 /* Payment.swift */; };
		C0D4D01B2A1C2D4D00D9C485 /* Property.swift in Sources */ = {isa = PBXBuildFile; fileRef = C0D4D11B2A1C2D4D00D9C485 /* Property.swift */; };
		C0D4D01C2A1C2D4D00D9C485 /* Video.swift in Sources */ = {isa = PBXBuildFile; fileRef = C0D4D11C2A1C2D4D00D9C485 /* Video.swift */; };
/* End PBXBuildFile section */

/* Begin PBXFileReference section */
		13F8B89B2A1B2D4D00D9C485 /* VTS_IOS.app */ = {isa = PBXFileReference; explicitFileType = wrapper.application; includeInIndex = 0; path = VTS_IOS.app; sourceTree = BUILT_PRODUCTS_DIR; };
		13F8B89E2A1B2D4D00D9C485 /* AppDelegate.swift */ = {isa = PBXFileReference; lastKnownFileType = sourcecode.swift; path = AppDelegate.swift; sourceTree = "<group>"; };
		13F8B8A02A1B2D4D00D9C485 /* SceneDelegate.swift */ = {isa = PBXFileReference; lastKnownFileType = sourcecode.swift; path = SceneDelegate.swift; sourceTree = "<group>"; };
		13F8B8A22A1B2D4D00D9C485 /* ContentView.swift */ = {isa = PBXFileReference; lastKnownFileType = sourcecode.swift; path = ContentView.swift; sourceTree = "<group>"; };
		13F8B8A72A1B2D4E00D9C485 /* Assets.xcassets */ = {isa = PBXFileReference; lastKnownFileType = folder.assetcatalog; path = Assets.xcassets; sourceTree = "<group>"; };
		13F8B8AA2A1B2D4E00D9C485 /* Base */ = {isa = PBXFileReference; lastKnownFileType = file.storyboard; name = Base; path = LaunchScreen.storyboard; sourceTree = "<group>"; };
		13F8B8AC2A1B2D4E00D9C485 /* Info.plist */ = {isa = PBXFileReference; lastKnownFileType = text.plist.xml; path = Info.plist; sourceTree = "<group>"; };
		C0D4D1002A1C2D4D00D9C485 /* ContractorService.swift */ = {isa = PBXFileReference; lastKnownFileType = sourcecode.swift; path = ContractorService.swift; sourceTree = "<group>"; };
		C0D4D1012A1C2D4D00D9C485 /* DocumentsView.swift */ = {isa = PBXFileReference; lastKnownFileType = sourcecode.swift; path = DocumentsView.swift; sourceTree = "<group>"; };
		C0D4D1022A1C2D4D00D9C485 /* FinancialReportView.swift */ = {isa = PBXFileReference; lastKnownFileType = sourcecode.swift; path = FinancialReportView.swift; sourceTree = "<group>"; };
		C0D4D1032A1C2D4D00D9C485 /* HistoryService.swift */ = {isa = PBXFileReference; lastKnownFileType = sourcecode.swift; path = HistoryService.swift; sourceTree = "<group>"; };
		C0D4D1042A1C2D4D00D9C485 /* HistoryView.swift */ = {isa = PBXFileReference; lastKnownFileType = sourcecode.swift; path = HistoryView.swift; sourceTree = "<group>"; };
		C0D4D1052A1C2D4D00D9C485 /* IssuesView.swift */ = {isa = PBXFileReference; lastKnownFileType = sourcecode.swift; path = IssuesView.swift; sourceTree = "<group>"; };
		C0D4D1062A1C2D4D00D9C485 /* LocalizationManager.swift */ = {isa = PBXFileReference; lastKnownFileType = sourcecode.swift; path = LocalizationManager.swift; sourceTree = "<group>"; };
		C0D4D1072A1C2D4D00D9C485 /* LocalizationManagerTests.swift */ = {isa = PBXFileReference; lastKnownFileType = sourcecode.swift; path = LocalizationManagerTests.swift; sourceTree = "<group>"; };
		C0D4D1082A1C2D4D00D9C485 /* LoginView.swift */ = {isa = PBXFileReference; lastKnownFileType = sourcecode.swift; path = LoginView.swift; sourceTree = "<group>"; };
		C0D4D1092A1C2D4D00D9C485 /* MainView.swift */ = {isa = PBXFileReference; lastKnownFileType = sourcecode.swift; path = MainView.swift; sourceTree = "<group>"; };
		C0D4D10A2A1C2D4D00D9C485 /* MapView.swift */ = {isa = PBXFileReference; lastKnownFileType = sourcecode.swift; path = MapView.swift; sourceTree = "<group>"; };
		C0D4D10B2A1C2D4D00D9C485 /* MessagesView.swift */ = {isa = PBXFileReference; lastKnownFileType = sourcecode.swift; path = MessagesView.swift; sourceTree = "<group>"; };
		C0D4D10C2A1C2D4D00D9C485 /* MockServices.swift */ = {isa = PBXFileReference; lastKnownFileType = sourcecode.swift; path = MockServices.swift; sourceTree = "<group>"; };
		C0D4D10D2A1C2D4D00D9C485 /* Models.swift */ = {isa = PBXFileReference; lastKnownFileType = sourcecode.swift; path = Models.swift; sourceTree = "<group>"; };
		C0D4D10E2A1C2D4D00D9C485 /* NotificationManager.swift */ = {isa = PBXFileReference; lastKnownFileType = sourcecode.swift; path = NotificationManager.swift; sourceTree = "<group>"; };
		C0D4D10F2A1C2D4D00D9C485 /* PaymentGatewayService.swift */ = {isa = PBXFileReference; lastKnownFileType = sourcecode.swift; path = PaymentGatewayService.swift; sourceTree = "<group>"; };
		C0D4D1102A1C2D4D00D9C485 /* PaymentService.swift */ = {isa = PBXFileReference; lastKnownFileType = sourcecode.swift; path = PaymentService.swift; sourceTree = "<group>"; };
		C0D4D1112A1C2D4D00D9C485 /* PaymentsView.swift */ = {isa = PBXFileReference; lastKnownFileType = sourcecode.swift; path = PaymentsView.swift; sourceTree = "<group>"; };
		C0D4D1122A1C2D4D00D9C485 /* PersistenceManager.swift */ = {isa = PBXFileReference; lastKnownFileType = sourcecode.swift; path = PersistenceManager.swift; sourceTree = "<group>"; };
		C0D4D1132A1C2D4D00D9C485 /* UserAuthentication.swift */ = {isa = PBXFileReference; lastKnownFileType = sourcecode.swift; path = UserAuthentication.swift; sourceTree = "<group>"; };
		C0D4D1142A1C2D4D00D9C485 /* VideoUploadView.swift */ = {isa = PBXFileReference; lastKnownFileType = sourcecode.swift; path = VideoUploadView.swift; sourceTree = "<group>"; };
		C0D4D1152A1C2D4D00D9C485 /* Contractor.swift */ = {isa = PBXFileReference; lastKnownFileType = sourcecode.swift; name = Contractor.swift; path = Models/Contractor.swift; sourceTree = "<group>"; };
		C0D4D1162A1C2D4D00D9C485 /* Document.swift */ = {isa = PBXFileReference; lastKnownFileType = sourcecode.swift; name = Document.swift; path = Models/Document.swift; sourceTree = "<group>"; };
		C0D4D1172A1C2D4D00D9C485 /* HistoryItem.swift */ = {isa = PBXFileReference; lastKnownFileType = sourcecode.swift; name = HistoryItem.swift; path = Models/HistoryItem.swift; sourceTree = "<group>"; };
		C0D4D1182A1C2D4D00D9C485 /* Issue.swift */ = {isa = PBXFileReference; lastKnownFileType = sourcecode.swift; name = Issue.swift; path = Models/Issue.swift; sourceTree = "<group>"; };
		C0D4D1192A1C2D4D00D9C485 /* Message.swift */ = {isa = PBXFileReference; lastKnownFileType = sourcecode.swift; name = Message.swift; path = Models/Message.swift; sourceTree = "<group>"; };
		C0D4D11A2A1C2D4D00D9C485 /* Payment.swift */ = {isa = PBXFileReference; lastKnownFileType = sourcecode.swift; name = Payment.swift; path = Models/Payment.swift; sourceTree = "<group>"; };
		C0D4D11B2A1C2D4D00D9C485 /* Property.swift */ = {isa = PBXFileReference; lastKnownFileType = sourcecode.swift; name = Property.swift; path = Models/Property.swift; sourceTree = "<group>"; };
		C0D4D11C2A1C2D4D00D9C485 /* Video.swift */ = {isa = PBXFileReference; lastKnownFileType = sourcecode.swift; name = Video.swift; path = Models/Video.swift; sourceTree = "<group>"; };
/* End PBXFileReference section */

/* Begin PBXFrameworksBuildPhase section */
		13F8B8982A1B2D4D00D9C485 /* Frameworks */ = {
			isa = PBXFrameworksBuildPhase;
			buildActionMask = 2147483647;
			files = (
			);
			runOnlyForDeploymentPostprocessing = 0;
		};
/* End PBXFrameworksBuildPhase section */

/* Begin PBXGroup section */
		13F8B8922A1B2D4D00D9C485 = {
			isa = PBXGroup;
			children = (
				13F8B89D2A1B2D4D00D9C485 /* VTS_IOS */,
				13F8B89C2A1B2D4D00D9C485 /* Products */,
			);
			sourceTree = "<group>";
		};
		13F8B89C2A1B2D4D00D9C485 /* Products */ = {
			isa = PBXGroup;
			children = (
				13F8B89B2A1B2D4D00D9C485 /* VTS_IOS.app */,
			);
			name = Products;
			sourceTree = "<group>";
		};
		13F8B89D2A1B2D4D00D9C485 /* VTS_IOS */ = {
			isa = PBXGroup;
			children = (
				13F8B89E2A1B2D4D00D9C485 /* AppDelegate.swift */,
				13F8B8A02A1B2D4D00D9C485 /* SceneDelegate.swift */,
				13F8B8A22A1B2D4D00D9C485 /* ContentView.swift */,
				C0D4D1112A1C2D4D00D9C485 /* PaymentsView.swift */,
				C0D4D1022A1C2D4D00D9C485 /* FinancialReportView.swift */,
				C0D4D1052A1C2D4D00D9C485 /* IssuesView.swift */,
				C0D4D1012A1C2D4D00D9C485 /* DocumentsView.swift */,
				C0D4D10B2A1C2D4D00D9C485 /* MessagesView.swift */,
				C0D4D1142A1C2D4D00D9C485 /* VideoUploadView.swift */,
				C0D4D1042A1C2D4D00D9C485 /* HistoryView.swift */,
				C0D4D10A2A1C2D4D00D9C485 /* MapView.swift */,
				C0D4D1132A1C2D4D00D9C485 /* UserAuthentication.swift */,
				C0D4D1062A1C2D4D00D9C485 /* LocalizationManager.swift */,
				C0D4D1072A1C2D4D00D9C485 /* LocalizationManagerTests.swift */,
				C0D4D1082A1C2D4D00D9C485 /* LoginView.swift */,
				C0D4D1092A1C2D4D00D9C485 /* MainView.swift */,
				C0D4D10C2A1C2D4D00D9C485 /* MockServices.swift */,
				C0D4D10D2A1C2D4D00D9C485 /* Models.swift */,
				C0D4D10E2A1C2D4D00D9C485 /* NotificationManager.swift */,
				C0D4D10F2A1C2D4D00D9C485 /* PaymentGatewayService.swift */,
				C0D4D1102A1C2D4D00D9C485 /* PaymentService.swift */,
				C0D4D1122A1C2D4D00D9C485 /* PersistenceManager.swift */,
				C0D4D1002A1C2D4D00D9C485 /* ContractorService.swift */,
				C0D4D1032A1C2D4D00D9C485 /* HistoryService.swift */,
				C0D4D1152A1C2D4D00D9C485 /* Contractor.swift */,
				C0D4D1162A1C2D4D00D9C485 /* Document.swift */,
				C0D4D1172A1C2D4D00D9C485 /* HistoryItem.swift */,
				C0D4D1182A1C2D4D00D9C485 /* Issue.swift */,
				C0D4D1192A1C2D4D00D9C485 /* Message.swift */,
				C0D4D11A2A1C2D4D00D9C485 /* Payment.swift */,
				C0D4D11B2A1C2D4D00D9C485 /* Property.swift */,
				C0D4D11C2A1C2D4D00D9C485 /* Video.swift */,
				13F8B8A72A1B2D4E00D9C485 /* Assets.xcassets */,
				13F8B8A92A1B2D4E00D9C485 /* LaunchScreen.storyboard */,
				13F8B8AC2A1B2D4E00D9C485 /* Info.plist */,
			);
			path = VTS_IOS;
			sourceTree = "<group>";
		};
/* End PBXGroup section */

/* Begin PBXNativeTarget section */
		13F8B89A2A1B2D4D00D9C485 /* VTS_IOS */ = {
			isa = PBXNativeTarget;
			buildConfigurationList = 13F8B8AF2A1B2D4E00D9C485 /* Build configuration list for PBXNativeTarget "VTS_IOS" */;
			buildPhases = (
				13F8B8972A1B2D4D00D9C485 /* Sources */,
				13F8B8982A1B2D4D00D9C485 /* Frameworks */,
				13F8B8992A1B2D4D00D9C485 /* Resources */,
			);
			buildRules = (
			);
			dependencies = (
			);
			name = VTS_IOS;
			productName = VTS_IOS;
			productReference = 13F8B89B2A1B2D4D00D9C485 /* VTS_IOS.app */;
			productType = "com.apple.product-type.application";
		};
/* End PBXNativeTarget section */

/* Begin PBXProject section */
		13F8B8932A1B2D4D00D9C485 /* Project object */ = {
			isa = PBXProject;
			attributes = {
				BuildIndependentTargetsInParallel = 1;
				LastSwiftUpdateCheck = 1430;
				LastUpgradeCheck = 1430;
				TargetAttributes = {
					13F8B89A2A1B2D4D00D9C485 = {
						CreatedOnToolsVersion = 14.3;
					};
				};
			};
			buildConfigurationList = 13F8B8962A1B2D4D00D9C485 /* Build configuration list for PBXProject "VTS_IOS" */;
			compatibilityVersion = "Xcode 14.0";
			developmentRegion = en;
			hasScannedForEncodings = 0;
			knownRegions = (
				en,
				Base,
			);
			mainGroup = 13F8B8922A1B2D4D00D9C485;
			productRefGroup = 13F8B89C2A1B2D4D00D9C485 /* Products */;
			projectDirPath = "";
			projectRoot = "";
			targets = (
				13F8B89A2A1B2D4D00D9C485 /* VTS_IOS */,
			);
		};
/* End PBXProject section */

/* Begin PBXResourcesBuildPhase section */
		13F8B8992A1B2D4D00D9C485 /* Resources */ = {
			isa = PBXResourcesBuildPhase;
			buildActionMask = 2147483647;
			files = (
				13F8B8AB2A1B2D4E00D9C485 /* LaunchScreen.storyboard in Resources */,
				13F8B8A82A1B2D4E00D9C485 /* Assets.xcassets in Resources */,
			);
			runOnlyForDeploymentPostprocessing = 0;
		};
/* End PBXResourcesBuildPhase section */

/* Begin PBXSourcesBuildPhase section */
		13F8B8972A1B2D4D00D9C485 /* Sources */ = {
			isa = PBXSourcesBuildPhase;
			buildActionMask = 2147483647;
			files = (
				13F8B89F2A1B2D4D00D9C485 /* AppDelegate.swift in Sources */,
				13F8B8A12A1B2D4D00D9C485 /* SceneDelegate.swift in Sources */,
				13F8B8A32A1B2D4D00D9C485 /* ContentView.swift in Sources */,
				C0D4D0002A1C2D4D00D9C485 /* ContractorService.swift in Sources */,
				C0D4D0012A1C2D4D00D9C485 /* DocumentsView.swift in Sources */,
				C0D4D0022A1C2D4D00D9C485 /* FinancialReportView.swift in Sources */,
				C0D4D0032A1C2D4D00D9C485 /* HistoryService.swift in Sources */,
				C0D4D0042A1C2D4D00D9C485 /* HistoryView.swift in Sources */,
				C0D4D0052A1C2D4D00D9C485 /* IssuesView.swift in Sources */,
				C0D4D0062A1C2D4D00D9C485 /* LocalizationManager.swift in Sources */,
				C0D4D0072A1C2D4D00D9C485 /* LocalizationManagerTests.swift in Sources */,
				C0D4D0082A1C2D4D00D9C485 /* LoginView.swift in Sources */,
				C0D4D0092A1C2D4D00D9C485 /* MainView.swift in Sources */,
				C0D4D00A2A1C2D4D00D9C485 /* MapView.swift in Sources */,
				C0D4D00B2A1C2D4D00D9C485 /* MessagesView.swift in Sources */,
				C0D4D00C2A1C2D4D00D9C485 /* MockServices.swift in Sources */,
				C0D4D00D2A1C2D4D00D9C485 /* Models.swift in Sources */,
				C0D4D00E2A1C2D4D00D9C485 /* NotificationManager.swift in Sources */,
				C0D4D00F2A1C2D4D00D9C485 /* PaymentGatewayService.swift in Sources */,
				C0D4D0102A1C2D4D00D9C485 /* PaymentService.swift in Sources */,
				C0D4D0112A1C2D4D00D9C485 /* PaymentsView.swift in Sources */,
				C0D4D0122A1C2D4D00D9C485 /* PersistenceManager.swift in Sources */,
				C0D4D0132A1C2D4D00D9C485 /* UserAuthentication.swift in Sources */,
				C0D4D0142A1C2D4D00D9C485 /* VideoUploadView.swift in Sources */,
				C0D4D0152A1C2D4D00D9C485 /* Contractor.swift in Sources */,
				C0D4D0162A1C2D4D00D9C485 /* Document.swift in Sources */,
				C0D4D0172A1C2D4D00D9C485 /* HistoryItem.swift in Sources */,
				C0D4D0182A1C2D4D00D9C485 /* Issue.swift in Sources */,
				C0D4D0192A1C2D4D00D9C485 /* Message.swift in Sources */,
				C0D4D01A2A1C2D4D00D9C485 /* Payment.swift in Sources */,
				C0D4D01B2A1C2D4D00D9C485 /* Property.swift in Sources */,
				C0D4D01C2A1C2D4D00D9C485 /* Video.swift in Sources */,
			);
			runOnlyForDeploymentPostprocessing = 0;
		};
/* End PBXSourcesBuildPhase section */

/* Begin PBXVariantGroup section */
		13F8B8A92A1B2D4E00D9C485 /* LaunchScreen.storyboard */ = {
			isa = PBXVariantGroup;
			children = (
				13F8B8AA2A1B2D4E00D9C485 /* Base */,
			);
			name = LaunchScreen.storyboard;
			sourceTree = "<group>";
		};
/* End PBXVariantGroup section */

/* Begin XCBuildConfiguration section */
		13F8B8AD2A1B2D4E00D9C485 /* Debug */ = {
			isa = XCBuildConfiguration;
			buildSettings = {
				ALWAYS_SEARCH_USER_PATHS = NO;
				CLANG_ANALYZER_NONNULL = YES;
				CLANG_ANALYZER_NUMBER_OBJECT_CONVERSION = YES_AGGRESSIVE;
				CLANG_CXX_LANGUAGE_STANDARD = "gnu++20";
				CLANG_ENABLE_MODULES = YES;
				CLANG_ENABLE_OBJC_ARC = YES;
				CLANG_ENABLE_OBJC_WEAK = YES;
				CLANG_WARN_BLOCK_CAPTURE_AUTORELEASING = YES;
				CLANG_WARN_BOOL_CONVERSION = YES;
				CLANG_WARN_COMMA = YES;
				CLANG_WARN_CONSTANT_CONVERSION = YES;
				CLANG_WARN_DEPRECATED_OBJC_IMPLEMENTATIONS = YES;
				CLANG_WARN_DIRECT_OBJC_ISA_USAGE = YES_ERROR;
				CLANG_WARN_DOCUMENTATION_COMMENTS = YES;
				CLANG_WARN_EMPTY_BODY = YES;
				CLANG_WARN_ENUM_CONVERSION = YES;
				CLANG_WARN_INFINITE_RECURSION = YES;
				CLANG_WARN_INT_CONVERSION = YES;
				CLANG_WARN_NON_LITERAL_NULL_CONVERSION = YES;
				CLANG_WARN_OBJC_IMPLICIT_RETAIN_SELF = YES;
				CLANG_WARN_OBJC_LITERAL_CONVERSION = YES;
				CLANG_WARN_OBJC_ROOT_CLASS = YES_ERROR;
				CLANG_WARN_QUOTED_INCLUDE_IN_FRAMEWORK_HEADER = YES;
				CLANG_WARN_RANGE_LOOP_ANALYSIS = YES;
				CLANG_WARN_STRICT_PROTOTYPES = YES;
				CLANG_WARN_SUSPICIOUS_MOVE = YES;
				CLANG_WARN_UNGUARDED_AVAILABILITY = YES_AGGRESSIVE;
				CLANG_WARN_UNREACHABLE_CODE = YES;
				CLANG_WARN__DUPLICATE_METHOD_MATCH = YES;
				COPY_PHASE_STRIP = NO;
				DEBUG_INFORMATION_FORMAT = dwarf;
				ENABLE_STRICT_OBJC_MSGSEND = YES;
				ENABLE_TESTABILITY = YES;
				GCC_C_LANGUAGE_STANDARD = gnu11;
				GCC_DYNAMIC_NO_PIC = NO;
				GCC_NO_COMMON_BLOCKS = YES;
				GCC_OPTIMIZATION_LEVEL = 0;
				GCC_PREPROCESSOR_DEFINITIONS = (
					"DEBUG=1",
					"$(inherited)",
				);
				GCC_WARN_64_TO_32_BIT_CONVERSION = YES;
				GCC_WARN_ABOUT_RETURN_TYPE = YES_ERROR;
				GCC_WARN_UNDECLARED_SELECTOR = YES;
				GCC_WARN_UNINITIALIZED_AUTOS = YES_AGGRESSIVE;
				GCC_WARN_UNUSED_FUNCTION = YES;
				GCC_WARN_UNUSED_VARIABLE = YES;
				IPHONEOS_DEPLOYMENT_TARGET = 16.0;
				MTL_ENABLE_DEBUG_INFO = INCLUDE_SOURCE;
				MTL_FAST_MATH = YES;
				ONLY_ACTIVE_ARCH = YES;
				SDKROOT = iphoneos;
				SWIFT_ACTIVE_COMPILATION_CONDITIONS = DEBUG;
				SWIFT_OPTIMIZATION_LEVEL = "-Onone";
			};
			name = Debug;
		};
		13F8B8AE2A1B2D4E00D9C485 /* Release */ = {
			isa = XCBuildConfiguration;
			buildSettings = {
				ALWAYS_SEARCH_USER_PATHS = NO;
				CLANG_ANALYZER_NONNULL = YES;
				CLANG_ANALYZER_NUMBER_OBJECT_CONVERSION = YES_AGGRESSIVE;
				CLANG_CXX_LANGUAGE_STANDARD = "gnu++20";
				CLANG_ENABLE_MODULES = YES;
				CLANG_ENABLE_OBJC_ARC = YES;
				CLANG_ENABLE_OBJC_WEAK = YES;
				CLANG_WARN_BLOCK_CAPTURE_AUTORELEASING = YES;
				CLANG_WARN_BOOL_CONVERSION = YES;
				CLANG_WARN_COMMA = YES;
				CLANG_WARN_CONSTANT_CONVERSION = YES;
				CLANG_WARN_DEPRECATED_OBJC_IMPLEMENTATIONS = YES;
				CLANG_WARN_DIRECT_OBJC_ISA_USAGE = YES_ERROR;
				CLANG_WARN_DOCUMENTATION_COMMENTS = YES;
				CLANG_WARN_EMPTY_BODY = YES;
				CLANG_WARN_ENUM_CONVERSION = YES;
				CLANG_WARN_INFINITE_RECURSION = YES;
				CLANG_WARN_INT_CONVERSION = YES;
				CLANG_WARN_NON_LITERAL_NULL_CONVERSION = YES;
				CLANG_WARN_OBJC_IMPLICIT_RETAIN_SELF = YES;
				CLANG_WARN_OBJC_LITERAL_CONVERSION = YES;
				CLANG_WARN_OBJC_ROOT_CLASS = YES_ERROR;
				CLANG_WARN_QUOTED_INCLUDE_IN_FRAMEWORK_HEADER = YES;
				CLANG_WARN_RANGE_LOOP_ANALYSIS = YES;
				CLANG_WARN_STRICT_PROTOTYPES = YES;
				CLANG_WARN_SUSPICIOUS_MOVE = YES;
				CLANG_WARN_UNGUARDED_AVAILABILITY = YES_AGGRESSIVE;
				CLANG_WARN_UNREACHABLE_CODE = YES;
				CLANG_WARN__DUPLICATE_METHOD_MATCH = YES;
				COPY_PHASE_STRIP = NO;
				DEBUG_INFORMATION_FORMAT = "dwarf-with-dsym";
				ENABLE_NS_ASSERTIONS = NO;
				ENABLE_STRICT_OBJC_MSGSEND = YES;
				GCC_C_LANGUAGE_STANDARD = gnu11;
				GCC_NO_COMMON_BLOCKS = YES;
				GCC_WARN_64_TO_32_BIT_CONVERSION = YES;
				GCC_WARN_ABOUT_RETURN_TYPE = YES_ERROR;
				GCC_WARN_UNDECLARED_SELECTOR = YES;
				GCC_WARN_UNINITIALIZED_AUTOS = YES_AGGRESSIVE;
				GCC_WARN_UNUSED_FUNCTION = YES;
				GCC_WARN_UNUSED_VARIABLE = YES;
				IPHONEOS_DEPLOYMENT_TARGET = 16.0;
				MTL_ENABLE_DEBUG_INFO = NO;
				MTL_FAST_MATH = YES;
				SDKROOT = iphoneos;
				SWIFT_COMPILATION_MODE = wholemodule;
				SWIFT_OPTIMIZATION_LEVEL = "-O";
				VALIDATE_PRODUCT = YES;
			};
			name = Release;
		};
		13F8B8B02A1B2D4E00D9C485 /* Debug */ = {
			isa = XCBuildConfiguration;
			buildSettings = {
				ASSETCATALOG_COMPILER_APPICON_NAME = AppIcon;
				ASSETCATALOG_COMPILER_GLOBAL_ACCENT_COLOR_NAME = AccentColor;
				CODE_SIGN_STYLE = Automatic;
				CURRENT_PROJECT_VERSION = 1;
				DEVELOPMENT_ASSET_PATHS = "\"VTS_IOS/Preview Content\"";
				ENABLE_PREVIEWS = YES;
				GENERATE_INFOPLIST_FILE = YES;
				INFOPLIST_FILE = VTS_IOS/Info.plist;
				INFOPLIST_KEY_UIApplicationSceneManifest_Generation = YES;
				INFOPLIST_KEY_UIApplicationSupportsIndirectInputEvents = YES;
				INFOPLIST_KEY_UILaunchScreen_Generation = YES;
				INFOPLIST_KEY_UILaunchStoryboardName = LaunchScreen;
				INFOPLIST_KEY_UISupportedInterfaceOrientations_iPad = "UIInterfaceOrientationPortrait UIInterfaceOrientationPortraitUpsideDown UIInterfaceOrientationLandscapeLeft UIInterfaceOrientationLandscapeRight";
				INFOPLIST_KEY_UISupportedInterfaceOrientations_iPhone = "UIInterfaceOrientationPortrait UIInterfaceOrientationLandscapeLeft UIInterfaceOrientationLandscapeRight";
				LD_RUNPATH_SEARCH_PATHS = (
					"$(inherited)",
					"@executable_path/Frameworks",
				);
				MARKETING_VERSION = 1.0;
				PRODUCT_BUNDLE_IDENTIFIER = "com.example.VTS-IOS";
				PRODUCT_NAME = "$(TARGET_NAME)";
				SWIFT_EMIT_LOC_STRINGS = YES;
				SWIFT_VERSION = 5.0;
				TARGETED_DEVICE_FAMILY = "1,2";
			};
			name = Debug;
		};
		13F8B8B12A1B2D4E00D9C485 /* Release */ = {
			isa = XCBuildConfiguration;
			buildSettings = {
				ASSETCATALOG_COMPILER_APPICON_NAME = AppIcon;
				ASSETCATALOG_COMPILER_GLOBAL_ACCENT_COLOR_NAME = AccentColor;
				CODE_SIGN_STYLE = Automatic;
				CURRENT_PROJECT_VERSION = 1;
				DEVELOPMENT_ASSET_PATHS = "\"VTS_IOS/Preview Content\"";
				ENABLE_PREVIEWS = YES;
				GENERATE_INFOPLIST_FILE = YES;
				INFOPLIST_FILE = VTS_IOS/Info.plist;
				INFOPLIST_KEY_UIApplicationSceneManifest_Generation = YES;
				INFOPLIST_KEY_UIApplicationSupportsIndirectInputEvents = YES;
				INFOPLIST_KEY_UILaunchScreen_Generation = YES;
				INFOPLIST_KEY_UILaunchStoryboardName = LaunchScreen;
				INFOPLIST_KEY_UISupportedInterfaceOrientations_iPad = "UIInterfaceOrientationPortrait UIInterfaceOrientationPortraitUpsideDown UIInterfaceOrientationLandscapeLeft UIInterfaceOrientationLandscapeRight";
				INFOPLIST_KEY_UISupportedInterfaceOrientations_iPhone = "UIInterfaceOrientationPortrait UIInterfaceOrientationLandscapeLeft UIInterfaceOrientationLandscapeRight";
				LD_RUNPATH_SEARCH_PATHS = (
					"$(inherited)",
					"@executable_path/Frameworks",
				);
				MARKETING_VERSION = 1.0;
				PRODUCT_BUNDLE_IDENTIFIER = "com.example.VTS-IOS";
				PRODUCT_NAME = "$(TARGET_NAME)";
				SWIFT_EMIT_LOC_STRINGS = YES;
				SWIFT_VERSION = 5.0;
				TARGETED_DEVICE_FAMILY = "1,2";
			};
			name = Release;
		};
/* End XCBuildConfiguration section */

/* Begin XCConfigurationList section */
		13F8B8962A1B2D4D00D9C485 /* Build configuration list for PBXProject "VTS_IOS" */ = {
			isa = XCConfigurationList;
			buildConfigurations = (
				13F8B8AD2A1B2D4E00D9C485 /* Debug */,
				13F8B8AE2A1B2D4E00D9C485 /* Release */,
			);
			defaultConfigurationIsVisible = 0;
			defaultConfigurationName = Release;
		};
		13F8B8AF2A1B2D4E00D9C485 /* Build configuration list for PBXNativeTarget "VTS_IOS" */ = {
			isa = XCConfigurationList;
			buildConfigurations = (
				13F8B8B02A1B2D4E00D9C485 /* Debug */,
				13F8B8B12A1B2D4E00D9C485 /* Release */,
			);
			defaultConfigurationIsVisible = 0;
			defaultConfigurationName = Release;
		};
/* End XCConfigurationList section */
	};
	rootObject = 13F8B8932A1B2D4D00D9C485 /* Project object */;
}